
Microsoft Visual Studio Solution File, Format Version 12.00
# Visual Studio Version 17
VisualStudioVersion = 17.0.31903.59
MinimumVisualStudioVersion = 10.0.40219.1
Project("{2150E333-8FDC-42A3-9474-1A3956D46DE8}") = "src", "src", "{D9527878-C227-49CC-8F4F-07B0A91100F8}"
EndProject
Project("{FAE04EC0-301F-11D3-BF4B-00C04F79EFBC}") = "BlazingTrails.Client", "src\BlazingTrails.Client\BlazingTrails.Client.csproj", "{DD63B6AA-6BF1-4CC6-BDD7-5D08DFBB859B}"
EndProject
Project("{FAE04EC0-301F-11D3-BF4B-00C04F79EFBC}") = "BlazingTrails.Api", "src\BlazingTrails.Api\BlazingTrails.Api.csproj", "{F708082D-5B43-477A-BD5F-94A7624CA976}"
EndProject
Project("{2150E333-8FDC-42A3-9474-1A3956D46DE8}") = "tests", "tests", "{0198EE46-C0EA-45F1-A70C-A8BF12E9872A}"
EndProject
Project("{FAE04EC0-301F-11D3-BF4B-00C04F79EFBC}") = "BlazingTrails.Api.Tests", "tests\BlazingTrails.Api.Tests\BlazingTrails.Api.Tests.csproj", "{A73132A1-5CB7-41E9-AC50-F67087EF3EEF}"
EndProject
Project("{FAE04EC0-301F-11D3-BF4B-00C04F79EFBC}") = "BlazingTrails.Shared", "src\BlazingTrails.Shared\BlazingTrails.Shared.csproj", "{13B1F144-CE44-4B36-96C4-9CCDF047A8D6}"
EndProject
Project("{FAE04EC0-301F-11D3-BF4B-00C04F79EFBC}") = "BlazingTrails.Shared.Tests", "tests\BlazingTrails.Shared.Tests\BlazingTrails.Shared.Tests.csproj", "{79D90869-C15D-4131-84B5-37635E4B2EE7}"
EndProject
Project("{FAE04EC0-301F-11D3-BF4B-00C04F79EFBC}") = "BlazingTrails.Client.Tests", "tests\BlazingTrails.Client.Tests\BlazingTrails.Client.Tests.csproj", "{2FEC7E12-3DE6-43F4-871D-61363FB8A031}"
EndProject
Global
	GlobalSection(SolutionConfigurationPlatforms) = preSolution
		Debug|Any CPU = Debug|Any CPU
		Release|Any CPU = Release|Any CPU
	EndGlobalSection
	GlobalSection(SolutionProperties) = preSolution
		HideSolutionNode = FALSE
	EndGlobalSection
	GlobalSection(ProjectConfigurationPlatforms) = postSolution
		{DD63B6AA-6BF1-4CC6-BDD7-5D08DFBB859B}.Debug|Any CPU.ActiveCfg = Debug|Any CPU
		{DD63B6AA-6BF1-4CC6-BDD7-5D08DFBB859B}.Debug|Any CPU.Build.0 = Debug|Any CPU
		{DD63B6AA-6BF1-4CC6-BDD7-5D08DFBB859B}.Release|Any CPU.ActiveCfg = Release|Any CPU
		{DD63B6AA-6BF1-4CC6-BDD7-5D08DFBB859B}.Release|Any CPU.Build.0 = Release|Any CPU
		{F708082D-5B43-477A-BD5F-94A7624CA976}.Debug|Any CPU.ActiveCfg = Debug|Any CPU
		{F708082D-5B43-477A-BD5F-94A7624CA976}.Debug|Any CPU.Build.0 = Debug|Any CPU
		{F708082D-5B43-477A-BD5F-94A7624CA976}.Release|Any CPU.ActiveCfg = Release|Any CPU
		{F708082D-5B43-477A-BD5F-94A7624CA976}.Release|Any CPU.Build.0 = Release|Any CPU
		{A73132A1-5CB7-41E9-AC50-F67087EF3EEF}.Debug|Any CPU.ActiveCfg = Debug|Any CPU
		{A73132A1-5CB7-41E9-AC50-F67087EF3EEF}.Debug|Any CPU.Build.0 = Debug|Any CPU
		{A73132A1-5CB7-41E9-AC50-F67087EF3EEF}.Release|Any CPU.ActiveCfg = Release|Any CPU
		{A73132A1-5CB7-41E9-AC50-F67087EF3EEF}.Release|Any CPU.Build.0 = Release|Any CPU
		{13B1F144-CE44-4B36-96C4-9CCDF047A8D6}.Debug|Any CPU.ActiveCfg = Debug|Any CPU
		{13B1F144-CE44-4B36-96C4-9CCDF047A8D6}.Debug|Any CPU.Build.0 = Debug|Any CPU
		{13B1F144-CE44-4B36-96C4-9CCDF047A8D6}.Release|Any CPU.ActiveCfg = Release|Any CPU
		{13B1F144-CE44-4B36-96C4-9CCDF047A8D6}.Release|Any CPU.Build.0 = Release|Any CPU
		{79D90869-C15D-4131-84B5-37635E4B2EE7}.Debug|Any CPU.ActiveCfg = Debug|Any CPU
		{79D90869-C15D-4131-84B5-37635E4B2EE7}.Debug|Any CPU.Build.0 = Debug|Any CPU
		{79D90869-C15D-4131-84B5-37635E4B2EE7}.Release|Any CPU.ActiveCfg = Release|Any CPU
		{79D90869-C15D-4131-84B5-37635E4B2EE7}.Release|Any CPU.Build.0 = Release|Any CPU
		{2FEC7E12-3DE6-43F4-871D-61363FB8A031}.Debug|Any CPU.ActiveCfg = Debug|Any CPU
		{2FEC7E12-3DE6-43F4-871D-61363FB8A031}.Debug|Any CPU.Build.0 = Debug|Any CPU
		{2FEC7E12-3DE6-43F4-871D-61363FB8A031}.Release|Any CPU.ActiveCfg = Release|Any CPU
		{2FEC7E12-3DE6-43F4-871D-61363FB8A031}.Release|Any CPU.Build.0 = Release|Any CPU
	EndGlobalSection
	GlobalSection(NestedProjects) = preSolution
		{DD63B6AA-6BF1-4CC6-BDD7-5D08DFBB859B} = {D9527878-C227-49CC-8F4F-07B0A91100F8}
		{F708082D-5B43-477A-BD5F-94A7624CA976} = {D9527878-C227-49CC-8F4F-07B0A91100F8}
		{A73132A1-5CB7-41E9-AC50-F67087EF3EEF} = {0198EE46-C0EA-45F1-A70C-A8BF12E9872A}
		{13B1F144-CE44-4B36-96C4-9CCDF047A8D6} = {D9527878-C227-49CC-8F4F-07B0A91100F8}
		{79D90869-C15D-4131-84B5-37635E4B2EE7} = {0198EE46-C0EA-45F1-A70C-A8BF12E9872A}
		{2FEC7E12-3DE6-43F4-871D-61363FB8A031} = {0198EE46-C0EA-45F1-A70C-A8BF12E9872A}
	EndGlobalSection
EndGlobal
