
Microsoft Visual Studio Solution File, Format Version 12.00
# Visual Studio Version 17
VisualStudioVersion = 17.5.002.0
MinimumVisualStudioVersion = 10.0.40219.1
Project("{2150E333-8FDC-42A3-9474-1A3956D46DE8}") = "src", "src", "{B68FC2F5-C826-465C-8A64-BDE096968577}"
EndProject
Project("{9A19103F-16F7-4668-BE54-9A1E7A4F7556}") = "BlazingTrails.Server", "src\BlazingTrails.Server\BlazingTrails.Server.csproj", "{2AC5ADAE-A86E-4E3E-BB8B-389D66A5C6C8}"
EndProject
Project("{9A19103F-16F7-4668-BE54-9A1E7A4F7556}") = "BlazingTrails.Client", "src\BlazingTrails.Client\BlazingTrails.Client.csproj", "{64E06153-2624-49DD-96A0-B5266027A605}"
EndProject
Project("{9A19103F-16F7-4668-BE54-9A1E7A4F7556}") = "BlazingTrails.Shared", "src\BlazingTrails.Shared\BlazingTrails.Shared.csproj", "{1A4CCFB7-94E4-4046-A42C-83BBC9536544}"
EndProject
Global
	GlobalSection(SolutionConfigurationPlatforms) = preSolution
		Debug|Any CPU = Debug|Any CPU
		Release|Any CPU = Release|Any CPU
	EndGlobalSection
	GlobalSection(ProjectConfigurationPlatforms) = postSolution
		{2AC5ADAE-A86E-4E3E-BB8B-389D66A5C6C8}.Debug|Any CPU.ActiveCfg = Debug|Any CPU
		{2AC5ADAE-A86E-4E3E-BB8B-389D66A5C6C8}.Debug|Any CPU.Build.0 = Debug|Any CPU
		{2AC5ADAE-A86E-4E3E-BB8B-389D66A5C6C8}.Release|Any CPU.ActiveCfg = Release|Any CPU
		{2AC5ADAE-A86E-4E3E-BB8B-389D66A5C6C8}.Release|Any CPU.Build.0 = Release|Any CPU
		{64E06153-2624-49DD-96A0-B5266027A605}.Debug|Any CPU.ActiveCfg = Debug|Any CPU
		{64E06153-2624-49DD-96A0-B5266027A605}.Debug|Any CPU.Build.0 = Debug|Any CPU
		{64E06153-2624-49DD-96A0-B5266027A605}.Release|Any CPU.ActiveCfg = Release|Any CPU
		{64E06153-2624-49DD-96A0-B5266027A605}.Release|Any CPU.Build.0 = Release|Any CPU
		{1A4CCFB7-94E4-4046-A42C-83BBC9536544}.Debug|Any CPU.ActiveCfg = Debug|Any CPU
		{1A4CCFB7-94E4-4046-A42C-83BBC9536544}.Debug|Any CPU.Build.0 = Debug|Any CPU
		{1A4CCFB7-94E4-4046-A42C-83BBC9536544}.Release|Any CPU.ActiveCfg = Release|Any CPU
		{1A4CCFB7-94E4-4046-A42C-83BBC9536544}.Release|Any CPU.Build.0 = Release|Any CPU
	EndGlobalSection
	GlobalSection(SolutionProperties) = preSolution
		HideSolutionNode = FALSE
	EndGlobalSection
	GlobalSection(NestedProjects) = preSolution
		{2AC5ADAE-A86E-4E3E-BB8B-389D66A5C6C8} = {B68FC2F5-C826-465C-8A64-BDE096968577}
		{64E06153-2624-49DD-96A0-B5266027A605} = {B68FC2F5-C826-465C-8A64-BDE096968577}
		{1A4CCFB7-94E4-4046-A42C-83BBC9536544} = {B68FC2F5-C826-465C-8A64-BDE096968577}
	EndGlobalSection
	GlobalSection(ExtensibilityGlobals) = postSolution
		SolutionGuid = {2F9C7367-2BAA-4BBD-A771-9903047AC016}
	EndGlobalSection
EndGlobal
